{
  "requires": true,
  "lockfileVersion": 1,
  "dependencies": {
    "@prisma/engines": {
      "version": "3.4.1-2.57771c0558568c7d08bd34c7248af5244ae16bd9",
      "resolved": "https://registry.npmjs.org/@prisma/engines/-/engines-3.4.1-2.57771c0558568c7d08bd34c7248af5244ae16bd9.tgz",
      "integrity": "sha512-NO4Q88k3CfUpYzfpDD+0wSVCqhaeljCFAGSe1XyvmXAOlMU2AAjCwmRn6S4UXlT9yEGB/LwFjdvGjcgfUQ+Mtw=="
    }
  }
}
